
Microsoft Visual Studio Solution File, Format Version 12.00
# Visual Studio Version 17
VisualStudioVersion = 17.7.34221.43
MinimumVisualStudioVersion = 10.0.40219.1
Project("{9A19103F-16F7-4668-BE54-9A1E7A4F7556}") = "DemoThread", "DemoThread\DemoThread.csproj", "{C2D6F431-8D3A-4F3B-9D52-CF3DC71B6155}"
EndProject
Project("{9A19103F-16F7-4668-BE54-9A1E7A4F7556}") = "DemoTask", "DemoTask\DemoTask.csproj", "{A2DDD7C1-6F65-4D4C-B772-433B75B0185D}"
EndProject
Project("{FAE04EC0-301F-11D3-BF4B-00C04F79EFBC}") = "DemoParallelClass", "DemoParallelClass\DemoParallelClass.csproj", "{0EBDC5EA-990A-4364-8D6D-EFCD4E424D56}"
EndProject
Project("{FAE04EC0-301F-11D3-BF4B-00C04F79EFBC}") = "DemoPLINQ", "DemoPLINQ\DemoPLINQ.csproj", "{9AA39FBB-1D6E-4835-9DA8-3B88983940B9}"
EndProject
Global
	GlobalSection(SolutionConfigurationPlatforms) = preSolution
		Debug|Any CPU = Debug|Any CPU
		Release|Any CPU = Release|Any CPU
	EndGlobalSection
	GlobalSection(ProjectConfigurationPlatforms) = postSolution
		{C2D6F431-8D3A-4F3B-9D52-CF3DC71B6155}.Debug|Any CPU.ActiveCfg = Debug|Any CPU
		{C2D6F431-8D3A-4F3B-9D52-CF3DC71B6155}.Debug|Any CPU.Build.0 = Debug|Any CPU
		{C2D6F431-8D3A-4F3B-9D52-CF3DC71B6155}.Release|Any CPU.ActiveCfg = Release|Any CPU
		{C2D6F431-8D3A-4F3B-9D52-CF3DC71B6155}.Release|Any CPU.Build.0 = Release|Any CPU
		{A2DDD7C1-6F65-4D4C-B772-433B75B0185D}.Debug|Any CPU.ActiveCfg = Debug|Any CPU
		{A2DDD7C1-6F65-4D4C-B772-433B75B0185D}.Debug|Any CPU.Build.0 = Debug|Any CPU
		{A2DDD7C1-6F65-4D4C-B772-433B75B0185D}.Release|Any CPU.ActiveCfg = Release|Any CPU
		{A2DDD7C1-6F65-4D4C-B772-433B75B0185D}.Release|Any CPU.Build.0 = Release|Any CPU
		{0EBDC5EA-990A-4364-8D6D-EFCD4E424D56}.Debug|Any CPU.ActiveCfg = Debug|Any CPU
		{0EBDC5EA-990A-4364-8D6D-EFCD4E424D56}.Debug|Any CPU.Build.0 = Debug|Any CPU
		{0EBDC5EA-990A-4364-8D6D-EFCD4E424D56}.Release|Any CPU.ActiveCfg = Release|Any CPU
		{0EBDC5EA-990A-4364-8D6D-EFCD4E424D56}.Release|Any CPU.Build.0 = Release|Any CPU
		{9AA39FBB-1D6E-4835-9DA8-3B88983940B9}.Debug|Any CPU.ActiveCfg = Debug|Any CPU
		{9AA39FBB-1D6E-4835-9DA8-3B88983940B9}.Debug|Any CPU.Build.0 = Debug|Any CPU
		{9AA39FBB-1D6E-4835-9DA8-3B88983940B9}.Release|Any CPU.ActiveCfg = Release|Any CPU
		{9AA39FBB-1D6E-4835-9DA8-3B88983940B9}.Release|Any CPU.Build.0 = Release|Any CPU
	EndGlobalSection
	GlobalSection(SolutionProperties) = preSolution
		HideSolutionNode = FALSE
	EndGlobalSection
	GlobalSection(ExtensibilityGlobals) = postSolution
		SolutionGuid = {B2C78C71-78AB-45B3-B412-C1E1FD04397E}
	EndGlobalSection
EndGlobal
