
Microsoft Visual Studio Solution File, Format Version 12.00
# Visual Studio Version 17
VisualStudioVersion = 17.13.35806.99 d17.13
MinimumVisualStudioVersion = 10.0.40219.1
Project("{FAE04EC0-301F-11D3-BF4B-00C04F79EFBC}") = "WpfApp", "WpfApp\WpfApp.csproj", "{1482806D-FE04-4D48-9E8D-5559773CDDCD}"
EndProject
Project("{FAE04EC0-301F-11D3-BF4B-00C04F79EFBC}") = "INotifyPropertyChangedDemo", "INotifyPropertyChangedDemo\INotifyPropertyChangedDemo.csproj", "{811E6F23-AF4B-4B4F-A8C8-38CBE1CEA74C}"
EndProject
Global
	GlobalSection(SolutionConfigurationPlatforms) = preSolution
		Debug|Any CPU = Debug|Any CPU
		Release|Any CPU = Release|Any CPU
	EndGlobalSection
	GlobalSection(ProjectConfigurationPlatforms) = postSolution
		{1482806D-FE04-4D48-9E8D-5559773CDDCD}.Debug|Any CPU.ActiveCfg = Debug|Any CPU
		{1482806D-FE04-4D48-9E8D-5559773CDDCD}.Debug|Any CPU.Build.0 = Debug|Any CPU
		{1482806D-FE04-4D48-9E8D-5559773CDDCD}.Release|Any CPU.ActiveCfg = Release|Any CPU
		{1482806D-FE04-4D48-9E8D-5559773CDDCD}.Release|Any CPU.Build.0 = Release|Any CPU
		{811E6F23-AF4B-4B4F-A8C8-38CBE1CEA74C}.Debug|Any CPU.ActiveCfg = Debug|Any CPU
		{811E6F23-AF4B-4B4F-A8C8-38CBE1CEA74C}.Debug|Any CPU.Build.0 = Debug|Any CPU
		{811E6F23-AF4B-4B4F-A8C8-38CBE1CEA74C}.Release|Any CPU.ActiveCfg = Release|Any CPU
		{811E6F23-AF4B-4B4F-A8C8-38CBE1CEA74C}.Release|Any CPU.Build.0 = Release|Any CPU
	EndGlobalSection
	GlobalSection(SolutionProperties) = preSolution
		HideSolutionNode = FALSE
	EndGlobalSection
	GlobalSection(ExtensibilityGlobals) = postSolution
		SolutionGuid = {8F44D252-C5C7-41BE-9BF1-0A5804377AC6}
	EndGlobalSection
EndGlobal
