
Microsoft Visual Studio Solution File, Format Version 12.00
# Visual Studio Version 17
VisualStudioVersion = 17.7.34221.43
MinimumVisualStudioVersion = 10.0.40219.1
Project("{9A19103F-16F7-4668-BE54-9A1E7A4F7556}") = "DemoBoxing", "DemoBoxing\DemoBoxing.csproj", "{FD2256DA-1C80-483B-8388-32B25658168D}"
EndProject
Project("{9A19103F-16F7-4668-BE54-9A1E7A4F7556}") = "Generic", "Generic\Generic.csproj", "{7E4D8B8D-6096-4FBF-B913-06F1874CC35A}"
EndProject
Project("{FAE04EC0-301F-11D3-BF4B-00C04F79EFBC}") = "OverloadedMethods", "OverloadedMethods\OverloadedMethods.csproj", "{E1A12F92-8CF2-45BB-9FFF-E7E9A96C1CE1}"
EndProject
Project("{FAE04EC0-301F-11D3-BF4B-00C04F79EFBC}") = "DemoExtensionMethods", "DemoExtensionMethods\DemoExtensionMethods.csproj", "{035BADC3-E82B-4942-BE3B-D007173DB6BB}"
EndProject
Project("{FAE04EC0-301F-11D3-BF4B-00C04F79EFBC}") = "DemoGenericMethods", "DemoGenericMethods\DemoGenericMethods.csproj", "{A095AD79-EAC6-4458-BED3-9BD729959AC8}"
EndProject
Project("{FAE04EC0-301F-11D3-BF4B-00C04F79EFBC}") = "DemoTypeConstraint", "DemoTypeConstraint\DemoTypeConstraint.csproj", "{660F0CA0-6454-4294-BAA3-71E1B17B19B8}"
EndProject
Project("{FAE04EC0-301F-11D3-BF4B-00C04F79EFBC}") = "DemoTypeConstraints2", "DemoTypeConstraints2\DemoTypeConstraints2.csproj", "{FA40EF60-956B-41E8-95D9-0520013BD6AF}"
EndProject
Global
	GlobalSection(SolutionConfigurationPlatforms) = preSolution
		Debug|Any CPU = Debug|Any CPU
		Release|Any CPU = Release|Any CPU
	EndGlobalSection
	GlobalSection(ProjectConfigurationPlatforms) = postSolution
		{FD2256DA-1C80-483B-8388-32B25658168D}.Debug|Any CPU.ActiveCfg = Debug|Any CPU
		{FD2256DA-1C80-483B-8388-32B25658168D}.Debug|Any CPU.Build.0 = Debug|Any CPU
		{FD2256DA-1C80-483B-8388-32B25658168D}.Release|Any CPU.ActiveCfg = Release|Any CPU
		{FD2256DA-1C80-483B-8388-32B25658168D}.Release|Any CPU.Build.0 = Release|Any CPU
		{7E4D8B8D-6096-4FBF-B913-06F1874CC35A}.Debug|Any CPU.ActiveCfg = Debug|Any CPU
		{7E4D8B8D-6096-4FBF-B913-06F1874CC35A}.Debug|Any CPU.Build.0 = Debug|Any CPU
		{7E4D8B8D-6096-4FBF-B913-06F1874CC35A}.Release|Any CPU.ActiveCfg = Release|Any CPU
		{7E4D8B8D-6096-4FBF-B913-06F1874CC35A}.Release|Any CPU.Build.0 = Release|Any CPU
		{E1A12F92-8CF2-45BB-9FFF-E7E9A96C1CE1}.Debug|Any CPU.ActiveCfg = Debug|Any CPU
		{E1A12F92-8CF2-45BB-9FFF-E7E9A96C1CE1}.Debug|Any CPU.Build.0 = Debug|Any CPU
		{E1A12F92-8CF2-45BB-9FFF-E7E9A96C1CE1}.Release|Any CPU.ActiveCfg = Release|Any CPU
		{E1A12F92-8CF2-45BB-9FFF-E7E9A96C1CE1}.Release|Any CPU.Build.0 = Release|Any CPU
		{035BADC3-E82B-4942-BE3B-D007173DB6BB}.Debug|Any CPU.ActiveCfg = Debug|Any CPU
		{035BADC3-E82B-4942-BE3B-D007173DB6BB}.Debug|Any CPU.Build.0 = Debug|Any CPU
		{035BADC3-E82B-4942-BE3B-D007173DB6BB}.Release|Any CPU.ActiveCfg = Release|Any CPU
		{035BADC3-E82B-4942-BE3B-D007173DB6BB}.Release|Any CPU.Build.0 = Release|Any CPU
		{A095AD79-EAC6-4458-BED3-9BD729959AC8}.Debug|Any CPU.ActiveCfg = Debug|Any CPU
		{A095AD79-EAC6-4458-BED3-9BD729959AC8}.Debug|Any CPU.Build.0 = Debug|Any CPU
		{A095AD79-EAC6-4458-BED3-9BD729959AC8}.Release|Any CPU.ActiveCfg = Release|Any CPU
		{A095AD79-EAC6-4458-BED3-9BD729959AC8}.Release|Any CPU.Build.0 = Release|Any CPU
		{660F0CA0-6454-4294-BAA3-71E1B17B19B8}.Debug|Any CPU.ActiveCfg = Debug|Any CPU
		{660F0CA0-6454-4294-BAA3-71E1B17B19B8}.Debug|Any CPU.Build.0 = Debug|Any CPU
		{660F0CA0-6454-4294-BAA3-71E1B17B19B8}.Release|Any CPU.ActiveCfg = Release|Any CPU
		{660F0CA0-6454-4294-BAA3-71E1B17B19B8}.Release|Any CPU.Build.0 = Release|Any CPU
		{FA40EF60-956B-41E8-95D9-0520013BD6AF}.Debug|Any CPU.ActiveCfg = Debug|Any CPU
		{FA40EF60-956B-41E8-95D9-0520013BD6AF}.Debug|Any CPU.Build.0 = Debug|Any CPU
		{FA40EF60-956B-41E8-95D9-0520013BD6AF}.Release|Any CPU.ActiveCfg = Release|Any CPU
		{FA40EF60-956B-41E8-95D9-0520013BD6AF}.Release|Any CPU.Build.0 = Release|Any CPU
	EndGlobalSection
	GlobalSection(SolutionProperties) = preSolution
		HideSolutionNode = FALSE
	EndGlobalSection
	GlobalSection(ExtensibilityGlobals) = postSolution
		SolutionGuid = {78C85E9E-1DFA-4805-9F40-C3B6B4BFAAF9}
	EndGlobalSection
EndGlobal
